
Microsoft Visual Studio Solution File, Format Version 12.00
# Visual Studio Version 17
VisualStudioVersion = 17.0.31903.59
MinimumVisualStudioVersion = 10.0.40219.1
Project("{FAE04EC0-301F-11D3-BF4B-00C04F79EFBC}") = "Aseguradora.Aplicacion", "Aseguradora.Aplicacion\Aseguradora.Aplicacion.csproj", "{5F293A81-ED1A-44EB-ABCB-DAC74B62060B}"
EndProject
Project("{FAE04EC0-301F-11D3-BF4B-00C04F79EFBC}") = "Aseguradora.Repositorios", "Aseguradora.Repositorios\Aseguradora.Repositorios.csproj", "{FA2A32AA-0A97-45E5-ADCC-43D597B45896}"
EndProject
Project("{FAE04EC0-301F-11D3-BF4B-00C04F79EFBC}") = "Aseguradora.UI", "Aseguradora.UI\Aseguradora.UI.csproj", "{4DBA6BB3-28B2-46E4-8798-C92EAD4B31DC}"
EndProject
Global
	GlobalSection(SolutionConfigurationPlatforms) = preSolution
		Debug|Any CPU = Debug|Any CPU
		Release|Any CPU = Release|Any CPU
	EndGlobalSection
	GlobalSection(SolutionProperties) = preSolution
		HideSolutionNode = FALSE
	EndGlobalSection
	GlobalSection(ProjectConfigurationPlatforms) = postSolution
		{5F293A81-ED1A-44EB-ABCB-DAC74B62060B}.Debug|Any CPU.ActiveCfg = Debug|Any CPU
		{5F293A81-ED1A-44EB-ABCB-DAC74B62060B}.Debug|Any CPU.Build.0 = Debug|Any CPU
		{5F293A81-ED1A-44EB-ABCB-DAC74B62060B}.Release|Any CPU.ActiveCfg = Release|Any CPU
		{5F293A81-ED1A-44EB-ABCB-DAC74B62060B}.Release|Any CPU.Build.0 = Release|Any CPU
		{FA2A32AA-0A97-45E5-ADCC-43D597B45896}.Debug|Any CPU.ActiveCfg = Debug|Any CPU
		{FA2A32AA-0A97-45E5-ADCC-43D597B45896}.Debug|Any CPU.Build.0 = Debug|Any CPU
		{FA2A32AA-0A97-45E5-ADCC-43D597B45896}.Release|Any CPU.ActiveCfg = Release|Any CPU
		{FA2A32AA-0A97-45E5-ADCC-43D597B45896}.Release|Any CPU.Build.0 = Release|Any CPU
		{4DBA6BB3-28B2-46E4-8798-C92EAD4B31DC}.Debug|Any CPU.ActiveCfg = Debug|Any CPU
		{4DBA6BB3-28B2-46E4-8798-C92EAD4B31DC}.Debug|Any CPU.Build.0 = Debug|Any CPU
		{4DBA6BB3-28B2-46E4-8798-C92EAD4B31DC}.Release|Any CPU.ActiveCfg = Release|Any CPU
		{4DBA6BB3-28B2-46E4-8798-C92EAD4B31DC}.Release|Any CPU.Build.0 = Release|Any CPU
	EndGlobalSection
EndGlobal
